// !$*UTF8*$!
{
	archiveVersion = 1;
	classes = {
	};
	objectVersion = 50;
	objects = {

/* Begin PBXBuildFile section */
		239D4999290C62E0000FC04B /* ButtonView.swift in Sources */ = {isa = PBXBuildFile; fileRef = 239D4998290C62E0000FC04B /* ButtonView.swift */; };
		23D173B7290AF75A00735BFC /* InputView.swift in Sources */ = {isa = PBXBuildFile; fileRef = 23D173B6290AF75A00735BFC /* InputView.swift */; };
		BA86C35E26C9B1D80038B7E7 /* X_000_000_005App.swift in Sources */ = {isa = PBXBuildFile; fileRef = BA86C35D26C9B1D80038B7E7 /* X_000_000_005App.swift */; };
		BA86C36026C9B1D80038B7E7 /* ContentView.swift in Sources */ = {isa = PBXBuildFile; fileRef = BA86C35F26C9B1D80038B7E7 /* ContentView.swift */; };
		BA86C36226C9B1D90038B7E7 /* Assets.xcassets in Resources */ = {isa = PBXBuildFile; fileRef = BA86C36126C9B1D90038B7E7 /* Assets.xcassets */; };
		BA86C36526C9B1D90038B7E7 /* Preview Assets.xcassets in Resources */ = {isa = PBXBuildFile; fileRef = BA86C36426C9B1D90038B7E7 /* Preview Assets.xcassets */; };
		BA86C36E26C9B20B0038B7E7 /* MainScreen.swift in Sources */ = {isa = PBXBuildFile; fileRef = BA86C36D26C9B20B0038B7E7 /* MainScreen.swift */; };
		BA86C37126C9B3EB0038B7E7 /* Calculation.swift in Sources */ = {isa = PBXBuildFile; fileRef = BA86C37026C9B3EB0038B7E7 /* Calculation.swift */; };
		BA86C37726C9B6000038B7E7 /* Functions.swift in Sources */ = {isa = PBXBuildFile; fileRef = BA86C37626C9B6000038B7E7 /* Functions.swift */; };
/* End PBXBuildFile section */

/* Begin PBXFileReference section */
		239D4998290C62E0000FC04B /* ButtonView.swift */ = {isa = PBXFileReference; lastKnownFileType = sourcecode.swift; path = ButtonView.swift; sourceTree = "<group>"; };
		23D173B6290AF75A00735BFC /* InputView.swift */ = {isa = PBXFileReference; lastKnownFileType = sourcecode.swift; path = InputView.swift; sourceTree = "<group>"; };
		BA86C35A26C9B1D80038B7E7 /* X.000.000.005.app */ = {isa = PBXFileReference; explicitFileType = wrapper.application; includeInIndex = 0; path = X.000.000.005.app; sourceTree = BUILT_PRODUCTS_DIR; };
		BA86C35D26C9B1D80038B7E7 /* X_000_000_005App.swift */ = {isa = PBXFileReference; lastKnownFileType = sourcecode.swift; path = X_000_000_005App.swift; sourceTree = "<group>"; };
		BA86C35F26C9B1D80038B7E7 /* ContentView.swift */ = {isa = PBXFileReference; lastKnownFileType = sourcecode.swift; path = ContentView.swift; sourceTree = "<group>"; };
		BA86C36126C9B1D90038B7E7 /* Assets.xcassets */ = {isa = PBXFileReference; lastKnownFileType = folder.assetcatalog; path = Assets.xcassets; sourceTree = "<group>"; };
		BA86C36426C9B1D90038B7E7 /* Preview Assets.xcassets */ = {isa = PBXFileReference; lastKnownFileType = folder.assetcatalog; path = "Preview Assets.xcassets"; sourceTree = "<group>"; };
		BA86C36626C9B1D90038B7E7 /* Info.plist */ = {isa = PBXFileReference; lastKnownFileType = text.plist.xml; path = Info.plist; sourceTree = "<group>"; };
		BA86C36D26C9B20B0038B7E7 /* MainScreen.swift */ = {isa = PBXFileReference; lastKnownFileType = sourcecode.swift; path = MainScreen.swift; sourceTree = "<group>"; };
		BA86C37026C9B3EB0038B7E7 /* Calculation.swift */ = {isa = PBXFileReference; lastKnownFileType = sourcecode.swift; path = Calculation.swift; sourceTree = "<group>"; };
		BA86C37626C9B6000038B7E7 /* Functions.swift */ = {isa = PBXFileReference; lastKnownFileType = sourcecode.swift; path = Functions.swift; sourceTree = "<group>"; };
/* End PBXFileReference section */

/* Begin PBXFrameworksBuildPhase section */
		BA86C35726C9B1D80038B7E7 /* Frameworks */ = {
			isa = PBXFrameworksBuildPhase;
			buildActionMask = 2147483647;
			files = (
			);
			runOnlyForDeploymentPostprocessing = 0;
		};
/* End PBXFrameworksBuildPhase section */

/* Begin PBXGroup section */
		BA86C35126C9B1D80038B7E7 = {
			isa = PBXGroup;
			children = (
				BA86C35C26C9B1D80038B7E7 /* X.000.000.005 */,
				BA86C35B26C9B1D80038B7E7 /* Products */,
			);
			sourceTree = "<group>";
		};
		BA86C35B26C9B1D80038B7E7 /* Products */ = {
			isa = PBXGroup;
			children = (
				BA86C35A26C9B1D80038B7E7 /* X.000.000.005.app */,
			);
			name = Products;
			sourceTree = "<group>";
		};
		BA86C35C26C9B1D80038B7E7 /* X.000.000.005 */ = {
			isa = PBXGroup;
			children = (
				BA86C35D26C9B1D80038B7E7 /* X_000_000_005App.swift */,
				BA86C35F26C9B1D80038B7E7 /* ContentView.swift */,
				BA86C36D26C9B20B0038B7E7 /* MainScreen.swift */,
				BA86C37026C9B3EB0038B7E7 /* Calculation.swift */,
				23D173B6290AF75A00735BFC /* InputView.swift */,
				BA86C37626C9B6000038B7E7 /* Functions.swift */,
				239D4998290C62E0000FC04B /* ButtonView.swift */,
				BA86C36126C9B1D90038B7E7 /* Assets.xcassets */,
				BA86C36626C9B1D90038B7E7 /* Info.plist */,
				BA86C36326C9B1D90038B7E7 /* Preview Content */,
			);
			path = X.000.000.005;
			sourceTree = "<group>";
		};
		BA86C36326C9B1D90038B7E7 /* Preview Content */ = {
			isa = PBXGroup;
			children = (
				BA86C36426C9B1D90038B7E7 /* Preview Assets.xcassets */,
			);
			path = "Preview Content";
			sourceTree = "<group>";
		};
/* End PBXGroup section */

/* Begin PBXNativeTarget section */
		BA86C35926C9B1D80038B7E7 /* X.000.000.005 */ = {
			isa = PBXNativeTarget;
			buildConfigurationList = BA86C36926C9B1D90038B7E7 /* Build configuration list for PBXNativeTarget "X.000.000.005" */;
			buildPhases = (
				BA86C35626C9B1D80038B7E7 /* Sources */,
				BA86C35726C9B1D80038B7E7 /* Frameworks */,
				BA86C35826C9B1D80038B7E7 /* Resources */,
			);
			buildRules = (
			);
			dependencies = (
			);
			name = X.000.000.005;
			productName = X.000.000.005;
			productReference = BA86C35A26C9B1D80038B7E7 /* X.000.000.005.app */;
			productType = "com.apple.product-type.application";
		};
/* End PBXNativeTarget section */

/* Begin PBXProject section */
		BA86C35226C9B1D80038B7E7 /* Project object */ = {
			isa = PBXProject;
			attributes = {
				LastSwiftUpdateCheck = 1240;
				LastUpgradeCheck = 1240;
				TargetAttributes = {
					BA86C35926C9B1D80038B7E7 = {
						CreatedOnToolsVersion = 12.4;
					};
				};
			};
			buildConfigurationList = BA86C35526C9B1D80038B7E7 /* Build configuration list for PBXProject "X.000.000.005" */;
			compatibilityVersion = "Xcode 9.3";
			developmentRegion = en;
			hasScannedForEncodings = 0;
			knownRegions = (
				en,
				Base,
			);
			mainGroup = BA86C35126C9B1D80038B7E7;
			productRefGroup = BA86C35B26C9B1D80038B7E7 /* Products */;
			projectDirPath = "";
			projectRoot = "";
			targets = (
				BA86C35926C9B1D80038B7E7 /* X.000.000.005 */,
			);
		};
/* End PBXProject section */

/* Begin PBXResourcesBuildPhase section */
		BA86C35826C9B1D80038B7E7 /* Resources */ = {
			isa = PBXResourcesBuildPhase;
			buildActionMask = 2147483647;
			files = (
				BA86C36526C9B1D90038B7E7 /* Preview Assets.xcassets in Resources */,
				BA86C36226C9B1D90038B7E7 /* Assets.xcassets in Resources */,
			);
			runOnlyForDeploymentPostprocessing = 0;
		};
/* End PBXResourcesBuildPhase section */

/* Begin PBXSourcesBuildPhase section */
		BA86C35626C9B1D80038B7E7 /* Sources */ = {
			isa = PBXSourcesBuildPhase;
			buildActionMask = 2147483647;
			files = (
				23D173B7290AF75A00735BFC /* InputView.swift in Sources */,
				239D4999290C62E0000FC04B /* ButtonView.swift in Sources */,
				BA86C36E26C9B20B0038B7E7 /* MainScreen.swift in Sources */,
				BA86C36026C9B1D80038B7E7 /* ContentView.swift in Sources */,
				BA86C35E26C9B1D80038B7E7 /* X_000_000_005App.swift in Sources */,
				BA86C37126C9B3EB0038B7E7 /* Calculation.swift in Sources */,
				BA86C37726C9B6000038B7E7 /* Functions.swift in Sources */,
			);
			runOnlyForDeploymentPostprocessing = 0;
		};
/* End PBXSourcesBuildPhase section */

/* Begin XCBuildConfiguration section */
		BA86C36726C9B1D90038B7E7 /* Debug */ = {
			isa = XCBuildConfiguration;
			buildSettings = {
				ALWAYS_SEARCH_USER_PATHS = NO;
				CLANG_ANALYZER_NONNULL = YES;
				CLANG_ANALYZER_NUMBER_OBJECT_CONVERSION = YES_AGGRESSIVE;
				CLANG_CXX_LANGUAGE_STANDARD = "gnu++14";
				CLANG_CXX_LIBRARY = "libc++";
				CLANG_ENABLE_MODULES = YES;
				CLANG_ENABLE_OBJC_ARC = YES;
				CLANG_ENABLE_OBJC_WEAK = YES;
				CLANG_WARN_BLOCK_CAPTURE_AUTORELEASING = YES;
				CLANG_WARN_BOOL_CONVERSION = YES;
				CLANG_WARN_COMMA = YES;
				CLANG_WARN_CONSTANT_CONVERSION = YES;
				CLANG_WARN_DEPRECATED_OBJC_IMPLEMENTATIONS = YES;
				CLANG_WARN_DIRECT_OBJC_ISA_USAGE = YES_ERROR;
				CLANG_WARN_DOCUMENTATION_COMMENTS = YES;
				CLANG_WARN_EMPTY_BODY = YES;
				CLANG_WARN_ENUM_CONVERSION = YES;
				CLANG_WARN_INFINITE_RECURSION = YES;
				CLANG_WARN_INT_CONVERSION = YES;
				CLANG_WARN_NON_LITERAL_NULL_CONVERSION = YES;
				CLANG_WARN_OBJC_IMPLICIT_RETAIN_SELF = YES;
				CLANG_WARN_OBJC_LITERAL_CONVERSION = YES;
				CLANG_WARN_OBJC_ROOT_CLASS = YES_ERROR;
				CLANG_WARN_QUOTED_INCLUDE_IN_FRAMEWORK_HEADER = YES;
				CLANG_WARN_RANGE_LOOP_ANALYSIS = YES;
				CLANG_WARN_STRICT_PROTOTYPES = YES;
				CLANG_WARN_SUSPICIOUS_MOVE = YES;
				CLANG_WARN_UNGUARDED_AVAILABILITY = YES_AGGRESSIVE;
				CLANG_WARN_UNREACHABLE_CODE = YES;
				CLANG_WARN__DUPLICATE_METHOD_MATCH = YES;
				COPY_PHASE_STRIP = NO;
				DEBUG_INFORMATION_FORMAT = dwarf;
				ENABLE_STRICT_OBJC_MSGSEND = YES;
				ENABLE_TESTABILITY = YES;
				GCC_C_LANGUAGE_STANDARD = gnu11;
				GCC_DYNAMIC_NO_PIC = NO;
				GCC_NO_COMMON_BLOCKS = YES;
				GCC_OPTIMIZATION_LEVEL = 0;
				GCC_PREPROCESSOR_DEFINITIONS = (
					"DEBUG=1",
					"$(inherited)",
				);
				GCC_WARN_64_TO_32_BIT_CONVERSION = YES;
				GCC_WARN_ABOUT_RETURN_TYPE = YES_ERROR;
				GCC_WARN_UNDECLARED_SELECTOR = YES;
				GCC_WARN_UNINITIALIZED_AUTOS = YES_AGGRESSIVE;
				GCC_WARN_UNUSED_FUNCTION = YES;
				GCC_WARN_UNUSED_VARIABLE = YES;
				IPHONEOS_DEPLOYMENT_TARGET = 14.4;
				MTL_ENABLE_DEBUG_INFO = INCLUDE_SOURCE;
				MTL_FAST_MATH = YES;
				ONLY_ACTIVE_ARCH = YES;
				SDKROOT = iphoneos;
				SWIFT_ACTIVE_COMPILATION_CONDITIONS = DEBUG;
				SWIFT_OPTIMIZATION_LEVEL = "-Onone";
			};
			name = Debug;
		};
		BA86C36826C9B1D90038B7E7 /* Release */ = {
			isa = XCBuildConfiguration;
			buildSettings = {
				ALWAYS_SEARCH_USER_PATHS = NO;
				CLANG_ANALYZER_NONNULL = YES;
				CLANG_ANALYZER_NUMBER_OBJECT_CONVERSION = YES_AGGRESSIVE;
				CLANG_CXX_LANGUAGE_STANDARD = "gnu++14";
				CLANG_CXX_LIBRARY = "libc++";
				CLANG_ENABLE_MODULES = YES;
				CLANG_ENABLE_OBJC_ARC = YES;
				CLANG_ENABLE_OBJC_WEAK = YES;
				CLANG_WARN_BLOCK_CAPTURE_AUTORELEASING = YES;
				CLANG_WARN_BOOL_CONVERSION = YES;
				CLANG_WARN_COMMA = YES;
				CLANG_WARN_CONSTANT_CONVERSION = YES;
				CLANG_WARN_DEPRECATED_OBJC_IMPLEMENTATIONS = YES;
				CLANG_WARN_DIRECT_OBJC_ISA_USAGE = YES_ERROR;
				CLANG_WARN_DOCUMENTATION_COMMENTS = YES;
				CLANG_WARN_EMPTY_BODY = YES;
				CLANG_WARN_ENUM_CONVERSION = YES;
				CLANG_WARN_INFINITE_RECURSION = YES;
				CLANG_WARN_INT_CONVERSION = YES;
				CLANG_WARN_NON_LITERAL_NULL_CONVERSION = YES;
				CLANG_WARN_OBJC_IMPLICIT_RETAIN_SELF = YES;
				CLANG_WARN_OBJC_LITERAL_CONVERSION = YES;
				CLANG_WARN_OBJC_ROOT_CLASS = YES_ERROR;
				CLANG_WARN_QUOTED_INCLUDE_IN_FRAMEWORK_HEADER = YES;
				CLANG_WARN_RANGE_LOOP_ANALYSIS = YES;
				CLANG_WARN_STRICT_PROTOTYPES = YES;
				CLANG_WARN_SUSPICIOUS_MOVE = YES;
				CLANG_WARN_UNGUARDED_AVAILABILITY = YES_AGGRESSIVE;
				CLANG_WARN_UNREACHABLE_CODE = YES;
				CLANG_WARN__DUPLICATE_METHOD_MATCH = YES;
				COPY_PHASE_STRIP = NO;
				DEBUG_INFORMATION_FORMAT = "dwarf-with-dsym";
				ENABLE_NS_ASSERTIONS = NO;
				ENABLE_STRICT_OBJC_MSGSEND = YES;
				GCC_C_LANGUAGE_STANDARD = gnu11;
				GCC_NO_COMMON_BLOCKS = YES;
				GCC_WARN_64_TO_32_BIT_CONVERSION = YES;
				GCC_WARN_ABOUT_RETURN_TYPE = YES_ERROR;
				GCC_WARN_UNDECLARED_SELECTOR = YES;
				GCC_WARN_UNINITIALIZED_AUTOS = YES_AGGRESSIVE;
				GCC_WARN_UNUSED_FUNCTION = YES;
				GCC_WARN_UNUSED_VARIABLE = YES;
				IPHONEOS_DEPLOYMENT_TARGET = 14.4;
				MTL_ENABLE_DEBUG_INFO = NO;
				MTL_FAST_MATH = YES;
				SDKROOT = iphoneos;
				SWIFT_COMPILATION_MODE = wholemodule;
				SWIFT_OPTIMIZATION_LEVEL = "-O";
				VALIDATE_PRODUCT = YES;
			};
			name = Release;
		};
		BA86C36A26C9B1D90038B7E7 /* Debug */ = {
			isa = XCBuildConfiguration;
			buildSettings = {
				ASSETCATALOG_COMPILER_APPICON_NAME = AppIcon;
				ASSETCATALOG_COMPILER_GLOBAL_ACCENT_COLOR_NAME = AccentColor;
				CODE_SIGN_STYLE = Automatic;
				CURRENT_PROJECT_VERSION = 2;
				DEVELOPMENT_ASSET_PATHS = "\"X.000.000.005/Preview Content\"";
				DEVELOPMENT_TEAM = 92S66MT2R5;
				ENABLE_PREVIEWS = YES;
				INFOPLIST_FILE = X.000.000.005/Info.plist;
				IPHONEOS_DEPLOYMENT_TARGET = 15.0;
				LD_RUNPATH_SEARCH_PATHS = (
					"$(inherited)",
					"@executable_path/Frameworks",
				);
				MARKETING_VERSION = 2.0;
				PRODUCT_BUNDLE_IDENTIFIER = "com.joeldevelop.X-000-000-005";
				PRODUCT_NAME = "$(TARGET_NAME)";
				SWIFT_VERSION = 5.0;
				TARGETED_DEVICE_FAMILY = "1,2";
			};
			name = Debug;
		};
		BA86C36B26C9B1D90038B7E7 /* Release */ = {
			isa = XCBuildConfiguration;
			buildSettings = {
				ASSETCATALOG_COMPILER_APPICON_NAME = AppIcon;
				ASSETCATALOG_COMPILER_GLOBAL_ACCENT_COLOR_NAME = AccentColor;
				CODE_SIGN_STYLE = Automatic;
				CURRENT_PROJECT_VERSION = 2;
				DEVELOPMENT_ASSET_PATHS = "\"X.000.000.005/Preview Content\"";
				DEVELOPMENT_TEAM = 92S66MT2R5;
				ENABLE_PREVIEWS = YES;
				INFOPLIST_FILE = X.000.000.005/Info.plist;
				IPHONEOS_DEPLOYMENT_TARGET = 15.0;
				LD_RUNPATH_SEARCH_PATHS = (
					"$(inherited)",
					"@executable_path/Frameworks",
				);
				MARKETING_VERSION = 2.0;
				PRODUCT_BUNDLE_IDENTIFIER = "com.joeldevelop.X-000-000-005";
				PRODUCT_NAME = "$(TARGET_NAME)";
				SWIFT_VERSION = 5.0;
				TARGETED_DEVICE_FAMILY = "1,2";
			};
			name = Release;
		};
/* End XCBuildConfiguration section */

/* Begin XCConfigurationList section */
		BA86C35526C9B1D80038B7E7 /* Build configuration list for PBXProject "X.000.000.005" */ = {
			isa = XCConfigurationList;
			buildConfigurations = (
				BA86C36726C9B1D90038B7E7 /* Debug */,
				BA86C36826C9B1D90038B7E7 /* Release */,
			);
			defaultConfigurationIsVisible = 0;
			defaultConfigurationName = Release;
		};
		BA86C36926C9B1D90038B7E7 /* Build configuration list for PBXNativeTarget "X.000.000.005" */ = {
			isa = XCConfigurationList;
			buildConfigurations = (
				BA86C36A26C9B1D90038B7E7 /* Debug */,
				BA86C36B26C9B1D90038B7E7 /* Release */,
			);
			defaultConfigurationIsVisible = 0;
			defaultConfigurationName = Release;
		};
/* End XCConfigurationList section */
	};
	rootObject = BA86C35226C9B1D80038B7E7 /* Project object */;
}
